
Microsoft Visual Studio Solution File, Format Version 12.00
# Visual Studio Version 17
VisualStudioVersion = 17.2.32616.157
MinimumVisualStudioVersion = 10.0.40219.1
Project("{FAE04EC0-301F-11D3-BF4B-00C04F79EFBC}") = "SpecFlowLab", "SpecFlowLab\SpecFlowLab.csproj", "{AEDC6D53-9320-4679-BBF6-48812507C381}"
EndProject
Project("{FAE04EC0-301F-11D3-BF4B-00C04F79EFBC}") = "PagesLab2", "PagesLab2\PagesLab2.csproj", "{EA9C7DA1-5CB0-414A-AF31-EF4507E34200}"
EndProject
Global
	GlobalSection(SolutionConfigurationPlatforms) = preSolution
		Debug|Any CPU = Debug|Any CPU
		Release|Any CPU = Release|Any CPU
	EndGlobalSection
	GlobalSection(ProjectConfigurationPlatforms) = postSolution
		{AEDC6D53-9320-4679-BBF6-48812507C381}.Debug|Any CPU.ActiveCfg = Debug|Any CPU
		{AEDC6D53-9320-4679-BBF6-48812507C381}.Debug|Any CPU.Build.0 = Debug|Any CPU
		{AEDC6D53-9320-4679-BBF6-48812507C381}.Release|Any CPU.ActiveCfg = Release|Any CPU
		{AEDC6D53-9320-4679-BBF6-48812507C381}.Release|Any CPU.Build.0 = Release|Any CPU
		{EA9C7DA1-5CB0-414A-AF31-EF4507E34200}.Debug|Any CPU.ActiveCfg = Debug|Any CPU
		{EA9C7DA1-5CB0-414A-AF31-EF4507E34200}.Debug|Any CPU.Build.0 = Debug|Any CPU
		{EA9C7DA1-5CB0-414A-AF31-EF4507E34200}.Release|Any CPU.ActiveCfg = Release|Any CPU
		{EA9C7DA1-5CB0-414A-AF31-EF4507E34200}.Release|Any CPU.Build.0 = Release|Any CPU
	EndGlobalSection
	GlobalSection(SolutionProperties) = preSolution
		HideSolutionNode = FALSE
	EndGlobalSection
	GlobalSection(ExtensibilityGlobals) = postSolution
		SolutionGuid = {2AC45D17-1827-464B-98A7-369E5BD63E4E}
	EndGlobalSection
EndGlobal
